
Microsoft Visual Studio Solution File, Format Version 12.00
# Visual Studio Version 16
VisualStudioVersion = 16.0.30114.105
MinimumVisualStudioVersion = 10.0.40219.1
Project("{FAE04EC0-301F-11D3-BF4B-00C04F79EFBC}") = "Astroid.Web", "src\Astroid.Web\Astroid.Web.csproj", "{289660B5-C0FD-4E8E-BEEE-CFC2EB91C72F}"
EndProject
Project("{FAE04EC0-301F-11D3-BF4B-00C04F79EFBC}") = "Astroid.Entity", "src\Astroid.Entity\Astroid.Entity.csproj", "{F3A7F704-D2B7-4FA1-8727-D29C51665D7C}"
EndProject
Global
	GlobalSection(SolutionConfigurationPlatforms) = preSolution
		Debug|Any CPU = Debug|Any CPU
		Release|Any CPU = Release|Any CPU
	EndGlobalSection
	GlobalSection(SolutionProperties) = preSolution
		HideSolutionNode = FALSE
	EndGlobalSection
	GlobalSection(ProjectConfigurationPlatforms) = postSolution
		{289660B5-C0FD-4E8E-BEEE-CFC2EB91C72F}.Debug|Any CPU.ActiveCfg = Debug|Any CPU
		{289660B5-C0FD-4E8E-BEEE-CFC2EB91C72F}.Debug|Any CPU.Build.0 = Debug|Any CPU
		{289660B5-C0FD-4E8E-BEEE-CFC2EB91C72F}.Release|Any CPU.ActiveCfg = Release|Any CPU
		{289660B5-C0FD-4E8E-BEEE-CFC2EB91C72F}.Release|Any CPU.Build.0 = Release|Any CPU
		{7CC5DD7B-6DE6-4F01-AFFD-D8D5BC20FE8E}.Debug|Any CPU.ActiveCfg = Debug|Any CPU
		{7CC5DD7B-6DE6-4F01-AFFD-D8D5BC20FE8E}.Debug|Any CPU.Build.0 = Debug|Any CPU
		{7CC5DD7B-6DE6-4F01-AFFD-D8D5BC20FE8E}.Release|Any CPU.ActiveCfg = Release|Any CPU
		{7CC5DD7B-6DE6-4F01-AFFD-D8D5BC20FE8E}.Release|Any CPU.Build.0 = Release|Any CPU
		{F3A7F704-D2B7-4FA1-8727-D29C51665D7C}.Debug|Any CPU.ActiveCfg = Debug|Any CPU
		{F3A7F704-D2B7-4FA1-8727-D29C51665D7C}.Debug|Any CPU.Build.0 = Debug|Any CPU
		{F3A7F704-D2B7-4FA1-8727-D29C51665D7C}.Release|Any CPU.ActiveCfg = Release|Any CPU
		{F3A7F704-D2B7-4FA1-8727-D29C51665D7C}.Release|Any CPU.Build.0 = Release|Any CPU
	EndGlobalSection
EndGlobal
