
Microsoft Visual Studio Solution File, Format Version 12.00
# Visual Studio Version 16
VisualStudioVersion = 16.0.30114.105
MinimumVisualStudioVersion = 10.0.40219.1
Project("{FAE04EC0-301F-11D3-BF4B-00C04F79EFBC}") = "Astroid.Web", "src\Astroid.Web\Astroid.Web.csproj", "{289660B5-C0FD-4E8E-BEEE-CFC2EB91C72F}"
EndProject
Project("{FAE04EC0-301F-11D3-BF4B-00C04F79EFBC}") = "Astroid.Entity", "src\Astroid.Entity\Astroid.Entity.csproj", "{F3A7F704-D2B7-4FA1-8727-D29C51665D7C}"
EndProject
Project("{2150E333-8FDC-42A3-9474-1A3956D46DE8}") = "src", "src", "{C06FC81F-AF99-4CB9-8F9F-2B0EC5BB115F}"
EndProject
Project("{FAE04EC0-301F-11D3-BF4B-00C04F79EFBC}") = "Astroid.Core", "src\Astroid.Core\Astroid.Core.csproj", "{94EF8E4B-84B8-4444-8488-F3213F1A5E04}"
EndProject
Project("{FAE04EC0-301F-11D3-BF4B-00C04F79EFBC}") = "Astroid.Providers", "src\Astroid.Providers\Astroid.Providers.csproj", "{23BFC9F8-A212-45DC-BF12-BA898038355C}"
EndProject
Project("{FAE04EC0-301F-11D3-BF4B-00C04F79EFBC}") = "Astroid.BackgroundServices", "src\Astroid.BackgroundServices\Astroid.BackgroundServices.csproj", "{D7CB42F6-EA01-4CE3-895B-D2DE60F482AE}"
EndProject
Global
	GlobalSection(SolutionConfigurationPlatforms) = preSolution
		Debug|Any CPU = Debug|Any CPU
		Release|Any CPU = Release|Any CPU
	EndGlobalSection
	GlobalSection(SolutionProperties) = preSolution
		HideSolutionNode = FALSE
	EndGlobalSection
	GlobalSection(ProjectConfigurationPlatforms) = postSolution
		{289660B5-C0FD-4E8E-BEEE-CFC2EB91C72F}.Debug|Any CPU.ActiveCfg = Debug|Any CPU
		{289660B5-C0FD-4E8E-BEEE-CFC2EB91C72F}.Debug|Any CPU.Build.0 = Debug|Any CPU
		{289660B5-C0FD-4E8E-BEEE-CFC2EB91C72F}.Release|Any CPU.ActiveCfg = Release|Any CPU
		{289660B5-C0FD-4E8E-BEEE-CFC2EB91C72F}.Release|Any CPU.Build.0 = Release|Any CPU
		{7CC5DD7B-6DE6-4F01-AFFD-D8D5BC20FE8E}.Debug|Any CPU.ActiveCfg = Debug|Any CPU
		{7CC5DD7B-6DE6-4F01-AFFD-D8D5BC20FE8E}.Debug|Any CPU.Build.0 = Debug|Any CPU
		{7CC5DD7B-6DE6-4F01-AFFD-D8D5BC20FE8E}.Release|Any CPU.ActiveCfg = Release|Any CPU
		{7CC5DD7B-6DE6-4F01-AFFD-D8D5BC20FE8E}.Release|Any CPU.Build.0 = Release|Any CPU
		{F3A7F704-D2B7-4FA1-8727-D29C51665D7C}.Debug|Any CPU.ActiveCfg = Debug|Any CPU
		{F3A7F704-D2B7-4FA1-8727-D29C51665D7C}.Debug|Any CPU.Build.0 = Debug|Any CPU
		{F3A7F704-D2B7-4FA1-8727-D29C51665D7C}.Release|Any CPU.ActiveCfg = Release|Any CPU
		{F3A7F704-D2B7-4FA1-8727-D29C51665D7C}.Release|Any CPU.Build.0 = Release|Any CPU
		{94EF8E4B-84B8-4444-8488-F3213F1A5E04}.Debug|Any CPU.ActiveCfg = Debug|Any CPU
		{94EF8E4B-84B8-4444-8488-F3213F1A5E04}.Debug|Any CPU.Build.0 = Debug|Any CPU
		{94EF8E4B-84B8-4444-8488-F3213F1A5E04}.Release|Any CPU.ActiveCfg = Release|Any CPU
		{94EF8E4B-84B8-4444-8488-F3213F1A5E04}.Release|Any CPU.Build.0 = Release|Any CPU
		{23BFC9F8-A212-45DC-BF12-BA898038355C}.Debug|Any CPU.ActiveCfg = Debug|Any CPU
		{23BFC9F8-A212-45DC-BF12-BA898038355C}.Debug|Any CPU.Build.0 = Debug|Any CPU
		{23BFC9F8-A212-45DC-BF12-BA898038355C}.Release|Any CPU.ActiveCfg = Release|Any CPU
		{23BFC9F8-A212-45DC-BF12-BA898038355C}.Release|Any CPU.Build.0 = Release|Any CPU
		{D7CB42F6-EA01-4CE3-895B-D2DE60F482AE}.Debug|Any CPU.ActiveCfg = Debug|Any CPU
		{D7CB42F6-EA01-4CE3-895B-D2DE60F482AE}.Debug|Any CPU.Build.0 = Debug|Any CPU
		{D7CB42F6-EA01-4CE3-895B-D2DE60F482AE}.Release|Any CPU.ActiveCfg = Release|Any CPU
		{D7CB42F6-EA01-4CE3-895B-D2DE60F482AE}.Release|Any CPU.Build.0 = Release|Any CPU
	EndGlobalSection
	GlobalSection(NestedProjects) = preSolution
		{94EF8E4B-84B8-4444-8488-F3213F1A5E04} = {C06FC81F-AF99-4CB9-8F9F-2B0EC5BB115F}
		{23BFC9F8-A212-45DC-BF12-BA898038355C} = {C06FC81F-AF99-4CB9-8F9F-2B0EC5BB115F}
		{D7CB42F6-EA01-4CE3-895B-D2DE60F482AE} = {C06FC81F-AF99-4CB9-8F9F-2B0EC5BB115F}
	EndGlobalSection
EndGlobal
